{
  "lockfileVersion": 1,
  "configVersion": 1,
  "workspaces": {
    "": {
      "name": "urbansprout-bun-api",
      "dependencies": {
        "stripe": "^22.0.2",
      },
    },
  },
  "packages": {
    "stripe": ["stripe@22.1.0", "", { "peerDependencies": { "@types/node": ">=18" }, "optionalPeers": ["@types/node"] }, "sha512-w/xHyJGxXWnLPbNHG13sz/fae0MrFGC80Oz7YbICQymbfpqfEcsoG+6yG+9BWb81PWc4rrkeSO4wmTcmefmbLw=="],
  }
}
